
Microsoft Visual Studio Solution File, Format Version 12.00
Project("{F2A71F9B-5D33-465A-A702-920D77279786}") = "HelloFsharp.WebApi", "HelloFsharp.WebApi\HelloFsharp.WebApi.fsproj", "{1F49B59D-D8B6-427E-9427-99340654EBED}"
EndProject
Global
	GlobalSection(SolutionConfigurationPlatforms) = preSolution
		Debug|Any CPU = Debug|Any CPU
		Release|Any CPU = Release|Any CPU
	EndGlobalSection
	GlobalSection(ProjectConfigurationPlatforms) = postSolution
		{1F49B59D-D8B6-427E-9427-99340654EBED}.Debug|Any CPU.ActiveCfg = Debug|Any CPU
		{1F49B59D-D8B6-427E-9427-99340654EBED}.Debug|Any CPU.Build.0 = Debug|Any CPU
		{1F49B59D-D8B6-427E-9427-99340654EBED}.Release|Any CPU.ActiveCfg = Release|Any CPU
		{1F49B59D-D8B6-427E-9427-99340654EBED}.Release|Any CPU.Build.0 = Release|Any CPU
	EndGlobalSection
EndGlobal
